
Microsoft Visual Studio Solution File, Format Version 12.00
# Visual Studio Version 17
VisualStudioVersion = 17.0.31903.59
MinimumVisualStudioVersion = 10.0.40219.1
Project("{FAE04EC0-301F-11D3-BF4B-00C04F79EFBC}") = "AppSentry", "AppSentry\AppSentry.csproj", "{A1B2C3D4-E5F6-7890-ABCD-EF1234567890}"
EndProject
Project("{FAE04EC0-301F-11D3-BF4B-00C04F79EFBC}") = "AppSentry.Core", "AppSentry.Core\AppSentry.Core.csproj", "{734240B6-48D8-4887-9093-344644491538}"
EndProject
Project("{FAE04EC0-301F-11D3-BF4B-00C04F79EFBC}") = "AppSentry.Tests", "AppSentry.Tests\AppSentry.Tests.csproj", "{4B852272-417B-440F-BD74-50BB89F3C97F}"
EndProject
Global
	GlobalSection(SolutionConfigurationPlatforms) = preSolution
		Debug|Any CPU = Debug|Any CPU
		Debug|x64 = Debug|x64
		Debug|x86 = Debug|x86
		Release|Any CPU = Release|Any CPU
		Release|x64 = Release|x64
		Release|x86 = Release|x86
	EndGlobalSection
	GlobalSection(ProjectConfigurationPlatforms) = postSolution
		{A1B2C3D4-E5F6-7890-ABCD-EF1234567890}.Debug|Any CPU.ActiveCfg = Debug|Any CPU
		{A1B2C3D4-E5F6-7890-ABCD-EF1234567890}.Debug|Any CPU.Build.0 = Debug|Any CPU
		{A1B2C3D4-E5F6-7890-ABCD-EF1234567890}.Debug|x64.ActiveCfg = Debug|Any CPU
		{A1B2C3D4-E5F6-7890-ABCD-EF1234567890}.Debug|x64.Build.0 = Debug|Any CPU
		{A1B2C3D4-E5F6-7890-ABCD-EF1234567890}.Debug|x86.ActiveCfg = Debug|Any CPU
		{A1B2C3D4-E5F6-7890-ABCD-EF1234567890}.Debug|x86.Build.0 = Debug|Any CPU
		{A1B2C3D4-E5F6-7890-ABCD-EF1234567890}.Release|Any CPU.ActiveCfg = Release|Any CPU
		{A1B2C3D4-E5F6-7890-ABCD-EF1234567890}.Release|Any CPU.Build.0 = Release|Any CPU
		{A1B2C3D4-E5F6-7890-ABCD-EF1234567890}.Release|x64.ActiveCfg = Release|Any CPU
		{A1B2C3D4-E5F6-7890-ABCD-EF1234567890}.Release|x64.Build.0 = Release|Any CPU
		{A1B2C3D4-E5F6-7890-ABCD-EF1234567890}.Release|x86.ActiveCfg = Release|Any CPU
		{A1B2C3D4-E5F6-7890-ABCD-EF1234567890}.Release|x86.Build.0 = Release|Any CPU
		{734240B6-48D8-4887-9093-344644491538}.Debug|Any CPU.ActiveCfg = Debug|Any CPU
		{734240B6-48D8-4887-9093-344644491538}.Debug|Any CPU.Build.0 = Debug|Any CPU
		{734240B6-48D8-4887-9093-344644491538}.Debug|x64.ActiveCfg = Debug|Any CPU
		{734240B6-48D8-4887-9093-344644491538}.Debug|x64.Build.0 = Debug|Any CPU
		{734240B6-48D8-4887-9093-344644491538}.Debug|x86.ActiveCfg = Debug|Any CPU
		{734240B6-48D8-4887-9093-344644491538}.Debug|x86.Build.0 = Debug|Any CPU
		{734240B6-48D8-4887-9093-344644491538}.Release|Any CPU.ActiveCfg = Release|Any CPU
		{734240B6-48D8-4887-9093-344644491538}.Release|Any CPU.Build.0 = Release|Any CPU
		{734240B6-48D8-4887-9093-344644491538}.Release|x64.ActiveCfg = Release|Any CPU
		{734240B6-48D8-4887-9093-344644491538}.Release|x64.Build.0 = Release|Any CPU
		{734240B6-48D8-4887-9093-344644491538}.Release|x86.ActiveCfg = Release|Any CPU
		{734240B6-48D8-4887-9093-344644491538}.Release|x86.Build.0 = Release|Any CPU
		{4B852272-417B-440F-BD74-50BB89F3C97F}.Debug|Any CPU.ActiveCfg = Debug|Any CPU
		{4B852272-417B-440F-BD74-50BB89F3C97F}.Debug|Any CPU.Build.0 = Debug|Any CPU
		{4B852272-417B-440F-BD74-50BB89F3C97F}.Debug|x64.ActiveCfg = Debug|Any CPU
		{4B852272-417B-440F-BD74-50BB89F3C97F}.Debug|x64.Build.0 = Debug|Any CPU
		{4B852272-417B-440F-BD74-50BB89F3C97F}.Debug|x86.ActiveCfg = Debug|Any CPU
		{4B852272-417B-440F-BD74-50BB89F3C97F}.Debug|x86.Build.0 = Debug|Any CPU
		{4B852272-417B-440F-BD74-50BB89F3C97F}.Release|Any CPU.ActiveCfg = Release|Any CPU
		{4B852272-417B-440F-BD74-50BB89F3C97F}.Release|Any CPU.Build.0 = Release|Any CPU
		{4B852272-417B-440F-BD74-50BB89F3C97F}.Release|x64.ActiveCfg = Release|Any CPU
		{4B852272-417B-440F-BD74-50BB89F3C97F}.Release|x64.Build.0 = Release|Any CPU
		{4B852272-417B-440F-BD74-50BB89F3C97F}.Release|x86.ActiveCfg = Release|Any CPU
		{4B852272-417B-440F-BD74-50BB89F3C97F}.Release|x86.Build.0 = Release|Any CPU
	EndGlobalSection
	GlobalSection(SolutionProperties) = preSolution
		HideSolutionNode = FALSE
	EndGlobalSection
EndGlobal
